
Microsoft Visual Studio Solution File, Format Version 12.00
# Visual Studio Version 17
VisualStudioVersion = 17.5.33530.505
MinimumVisualStudioVersion = 10.0.40219.1
Project("{FAE04EC0-301F-11D3-BF4B-00C04F79EFBC}") = "Server", "Server.csproj", "{FA933587-3574-4F57-BE21-DB9025A81A28}"
EndProject
Global
	GlobalSection(SolutionConfigurationPlatforms) = preSolution
		Debug|Any CPU = Debug|Any CPU
		Release|Any CPU = Release|Any CPU
	EndGlobalSection
	GlobalSection(ProjectConfigurationPlatforms) = postSolution
		{FA933587-3574-4F57-BE21-DB9025A81A28}.Debug|Any CPU.ActiveCfg = Debug|Any CPU
		{FA933587-3574-4F57-BE21-DB9025A81A28}.Debug|Any CPU.Build.0 = Debug|Any CPU
		{FA933587-3574-4F57-BE21-DB9025A81A28}.Release|Any CPU.ActiveCfg = Release|Any CPU
		{FA933587-3574-4F57-BE21-DB9025A81A28}.Release|Any CPU.Build.0 = Release|Any CPU
	EndGlobalSection
	GlobalSection(SolutionProperties) = preSolution
		HideSolutionNode = FALSE
	EndGlobalSection
	GlobalSection(ExtensibilityGlobals) = postSolution
		SolutionGuid = {E6AC7B3A-50B9-4032-AA99-A1090AD68CB6}
	EndGlobalSection
EndGlobal
